
Microsoft Visual Studio Solution File, Format Version 12.00
# Visual Studio Version 17
VisualStudioVersion = 17.5.2.0
MinimumVisualStudioVersion = 10.0.40219.1
Project("{2150E333-8FDC-42A3-9474-1A3956D46DE8}") = "src", "src", "{827E0CD3-B72D-47B6-A68D-7590B98EB39B}"
EndProject
Project("{FAE04EC0-301F-11D3-BF4B-00C04F79EFBC}") = "BloodBank.API", "src\BloodBank.API\BloodBank.API.csproj", "{23B4011E-6A11-B4CE-BC23-0F768208F827}"
EndProject
Project("{FAE04EC0-301F-11D3-BF4B-00C04F79EFBC}") = "BloodBank.Application", "src\BloodBank.Application\BloodBank.Application.csproj", "{0742CEBA-F152-442D-A30D-D11327FF9911}"
EndProject
Project("{FAE04EC0-301F-11D3-BF4B-00C04F79EFBC}") = "BloodBank.Core", "src\BloodBank.Core\BloodBank.Core.csproj", "{548BDE43-944F-4150-A088-752AC066D7E6}"
EndProject
Project("{FAE04EC0-301F-11D3-BF4B-00C04F79EFBC}") = "BloodBank.Infrastructure", "src\BloodBank.Infrastructure\BloodBank.Infrastructure.csproj", "{1DD11DE9-121E-4EFB-A9ED-44C8AF5CA19D}"
EndProject
Project("{2150E333-8FDC-42A3-9474-1A3956D46DE8}") = "tests", "tests", "{0AB3BF05-4346-4AA6-1389-037BE0695223}"
EndProject
Project("{FAE04EC0-301F-11D3-BF4B-00C04F79EFBC}") = "BloodBank.UnitTests", "tests\BloodBank.UnitTests\BloodBank.UnitTests.csproj", "{67951CDC-1089-4415-B842-C9A6C9B5AACF}"
EndProject
Global
	GlobalSection(SolutionConfigurationPlatforms) = preSolution
		Debug|Any CPU = Debug|Any CPU
		Release|Any CPU = Release|Any CPU
	EndGlobalSection
	GlobalSection(ProjectConfigurationPlatforms) = postSolution
		{23B4011E-6A11-B4CE-BC23-0F768208F827}.Debug|Any CPU.ActiveCfg = Debug|Any CPU
		{23B4011E-6A11-B4CE-BC23-0F768208F827}.Debug|Any CPU.Build.0 = Debug|Any CPU
		{23B4011E-6A11-B4CE-BC23-0F768208F827}.Release|Any CPU.ActiveCfg = Release|Any CPU
		{23B4011E-6A11-B4CE-BC23-0F768208F827}.Release|Any CPU.Build.0 = Release|Any CPU
		{0742CEBA-F152-442D-A30D-D11327FF9911}.Debug|Any CPU.ActiveCfg = Debug|Any CPU
		{0742CEBA-F152-442D-A30D-D11327FF9911}.Debug|Any CPU.Build.0 = Debug|Any CPU
		{0742CEBA-F152-442D-A30D-D11327FF9911}.Release|Any CPU.ActiveCfg = Release|Any CPU
		{0742CEBA-F152-442D-A30D-D11327FF9911}.Release|Any CPU.Build.0 = Release|Any CPU
		{548BDE43-944F-4150-A088-752AC066D7E6}.Debug|Any CPU.ActiveCfg = Debug|Any CPU
		{548BDE43-944F-4150-A088-752AC066D7E6}.Debug|Any CPU.Build.0 = Debug|Any CPU
		{548BDE43-944F-4150-A088-752AC066D7E6}.Release|Any CPU.ActiveCfg = Release|Any CPU
		{548BDE43-944F-4150-A088-752AC066D7E6}.Release|Any CPU.Build.0 = Release|Any CPU
		{1DD11DE9-121E-4EFB-A9ED-44C8AF5CA19D}.Debug|Any CPU.ActiveCfg = Debug|Any CPU
		{1DD11DE9-121E-4EFB-A9ED-44C8AF5CA19D}.Debug|Any CPU.Build.0 = Debug|Any CPU
		{1DD11DE9-121E-4EFB-A9ED-44C8AF5CA19D}.Release|Any CPU.ActiveCfg = Release|Any CPU
		{1DD11DE9-121E-4EFB-A9ED-44C8AF5CA19D}.Release|Any CPU.Build.0 = Release|Any CPU
		{67951CDC-1089-4415-B842-C9A6C9B5AACF}.Debug|Any CPU.ActiveCfg = Debug|Any CPU
		{67951CDC-1089-4415-B842-C9A6C9B5AACF}.Debug|Any CPU.Build.0 = Debug|Any CPU
		{67951CDC-1089-4415-B842-C9A6C9B5AACF}.Release|Any CPU.ActiveCfg = Release|Any CPU
		{67951CDC-1089-4415-B842-C9A6C9B5AACF}.Release|Any CPU.Build.0 = Release|Any CPU
	EndGlobalSection
	GlobalSection(SolutionProperties) = preSolution
		HideSolutionNode = FALSE
	EndGlobalSection
	GlobalSection(NestedProjects) = preSolution
		{23B4011E-6A11-B4CE-BC23-0F768208F827} = {827E0CD3-B72D-47B6-A68D-7590B98EB39B}
		{0742CEBA-F152-442D-A30D-D11327FF9911} = {827E0CD3-B72D-47B6-A68D-7590B98EB39B}
		{548BDE43-944F-4150-A088-752AC066D7E6} = {827E0CD3-B72D-47B6-A68D-7590B98EB39B}
		{1DD11DE9-121E-4EFB-A9ED-44C8AF5CA19D} = {827E0CD3-B72D-47B6-A68D-7590B98EB39B}
		{67951CDC-1089-4415-B842-C9A6C9B5AACF} = {0AB3BF05-4346-4AA6-1389-037BE0695223}
	EndGlobalSection
	GlobalSection(ExtensibilityGlobals) = postSolution
		SolutionGuid = {429852CA-D7D8-44A8-824C-10B507CF0D4C}
	EndGlobalSection
EndGlobal
